{
	"name": "@sirius/pdf-to-word",
	"version": "0.0.0",
	"lockfileVersion": 1,
	"requires": true,
	"dependencies": {
		"@babel/types": {
			"version": "7.13.0",
			"resolved": "https://registry.npmjs.org/@babel/types/-/types-7.13.0.tgz",
			"integrity": "sha512-hE+HE8rnG1Z6Wzo+MhaKE5lM5eMx71T4EHJgku2E3xIfaULhDcxiiRxUYgwX8qwP1BBSlag+TdGOt6JAidIZTA==",
			"requires": {
				"@babel/helper-validator-identifier": "^7.12.11",
				"lodash": "^4.17.19",
				"to-fast-properties": "^2.0.0"
			},
			"dependencies": {
				"@babel/helper-validator-identifier": {
					"version": "7.12.11",
					"resolved": "https://registry.npmjs.org/@babel/helper-validator-identifier/-/helper-validator-identifier-7.12.11.tgz",
					"integrity": "sha512-np/lG3uARFybkoHokJUmf1QfEvRVCPbmQeUQpKow5cQ3xWrV9i3rUHodKDJPQfTVX61qKi+UdYk8kik84n7XOw=="
				},
				"lodash": {
					"version": "4.17.21",
					"resolved": "https://registry.npmjs.org/lodash/-/lodash-4.17.21.tgz",
					"integrity": "sha512-v2kDEe57lecTulaDIuNTPy3Ry4gLGJ6Z1O3vE1krgXZNrsQ+LFTGHVxVjcXPs17LhbZVGedAJv8XZ1tvj5FvSg=="
				},
				"to-fast-properties": {
					"version": "2.0.0",
					"resolved": "https://registry.npmjs.org/to-fast-properties/-/to-fast-properties-2.0.0.tgz",
					"integrity": "sha1-3F5pjL0HkmW8c+A3doGk5Og/YW4="
				}
			}
		},
		"eslint-plugin-vue": {
			"version": "7.7.0",
			"resolved": "https://registry.npmjs.org/eslint-plugin-vue/-/eslint-plugin-vue-7.7.0.tgz",
			"integrity": "sha512-mYz4bpLGv5jx6YG/GvKkqbGSfV7uma2u1P3mLA41Q5vQl8W1MeuTneB8tfsLq6xxxesFubcrOC0BZBJ5R+eaCQ==",
			"dev": true,
			"requires": {
				"eslint-utils": "^2.1.0",
				"natural-compare": "^1.4.0",
				"semver": "^7.3.2",
				"vue-eslint-parser": "^7.6.0"
			},
			"dependencies": {
				"lru-cache": {
					"version": "6.0.0",
					"resolved": "https://registry.npmjs.org/lru-cache/-/lru-cache-6.0.0.tgz",
					"integrity": "sha512-Jo6dJ04CmSjuznwJSS3pUeWmd/H0ffTlkXXgwZi+eq1UCmqQwCh+eLsYOYCwY991i2Fah4h1BEMCx4qThGbsiA==",
					"dev": true,
					"requires": {
						"yallist": "^4.0.0"
					}
				},
				"natural-compare": {
					"version": "1.4.0",
					"resolved": "https://registry.npmjs.org/natural-compare/-/natural-compare-1.4.0.tgz",
					"integrity": "sha1-Sr6/7tdUHywnrPspvbvRXI1bpPc=",
					"dev": true
				},
				"semver": {
					"version": "7.3.4",
					"resolved": "https://registry.npmjs.org/semver/-/semver-7.3.4.tgz",
					"integrity": "sha512-tCfb2WLjqFAtXn4KEdxIhalnRtoKFN7nAwj0B3ZXCbQloV2tq5eDbcTmT68JJD3nRJq24/XgxtQKFIpQdtvmVw==",
					"dev": true,
					"requires": {
						"lru-cache": "^6.0.0"
					}
				},
				"yallist": {
					"version": "4.0.0",
					"resolved": "https://registry.npmjs.org/yallist/-/yallist-4.0.0.tgz",
					"integrity": "sha512-3wdGidZyq5PB084XLES5TpOSRA3wjXAlIWMhum2kRcv/41Sn2emQ0dycQW4uZXLejwKvg6EsvbdlVL+FYEct7A==",
					"dev": true
				}
			}
		},
		"eslint-scope": {
			"version": "5.1.1",
			"resolved": "https://registry.npmjs.org/eslint-scope/-/eslint-scope-5.1.1.tgz",
			"integrity": "sha512-2NxwbF/hZ0KpepYN0cNbo+FN6XoK7GaHlQhgx/hIZl6Va0bF45RQOOwhLIy8lQDbuCiadSLCBnH2CFYquit5bw==",
			"dev": true,
			"requires": {
				"esrecurse": "^4.3.0",
				"estraverse": "^4.1.1"
			},
			"dependencies": {
				"esrecurse": {
					"version": "4.3.0",
					"resolved": "https://registry.npmjs.org/esrecurse/-/esrecurse-4.3.0.tgz",
					"integrity": "sha512-KmfKL3b6G+RXvP8N1vr3Tq1kL/oCFgn2NYXEtqP8/L3pKapUA4G8cFVaoF3SU323CD4XypR/ffioHmkti6/Tag==",
					"dev": true,
					"requires": {
						"estraverse": "^5.2.0"
					},
					"dependencies": {
						"estraverse": {
							"version": "5.2.0",
							"resolved": "https://registry.npmjs.org/estraverse/-/estraverse-5.2.0.tgz",
							"integrity": "sha512-BxbNGGNm0RyRYvUdHpIwv9IWzeM9XClbOxwoATuFdOE7ZE6wHL+HQ5T8hoPM+zHvmKzzsEqhgy0GrQ5X13afiQ==",
							"dev": true
						}
					}
				},
				"estraverse": {
					"version": "4.3.0",
					"resolved": "https://registry.npmjs.org/estraverse/-/estraverse-4.3.0.tgz",
					"integrity": "sha512-39nnKffWz8xN1BU/2c79n9nB9HDzo0niYUqx6xyqUnyoAnQyyWpOTdZEeiCch8BBu515t4wp9ZmgVfVhn9EBpw==",
					"dev": true
				}
			}
		},
		"eslint-utils": {
			"version": "2.1.0",
			"resolved": "https://registry.npmjs.org/eslint-utils/-/eslint-utils-2.1.0.tgz",
			"integrity": "sha512-w94dQYoauyvlDc43XnGB8lU3Zt713vNChgt4EWwhXAP2XkBvndfxF0AgIqKOOasjPIPzj9JqgwkwbCYD0/V3Zg==",
			"dev": true,
			"requires": {
				"eslint-visitor-keys": "^1.1.0"
			}
		},
		"eslint-visitor-keys": {
			"version": "1.3.0",
			"resolved": "https://registry.npmjs.org/eslint-visitor-keys/-/eslint-visitor-keys-1.3.0.tgz",
			"integrity": "sha512-6J72N8UNa462wa/KFODt/PJ3IU60SDpC3QXC1Hjc1BXXpfL2C9R5+AU7jhe0F6GREqVMh4Juu+NY7xn+6dipUQ==",
			"dev": true
		},
		"sass-loader": {
			"version": "11.0.1",
			"resolved": "https://registry.npmjs.org/sass-loader/-/sass-loader-11.0.1.tgz",
			"integrity": "sha512-Vp1LcP4slTsTNLEiDkTcm8zGN/XYYrZz2BZybQbliWA8eXveqA/AxsEjllQTpJbg2MzCsx/qNO48sHdZtOaxTw==",
			"dev": true,
			"requires": {
				"klona": "^2.0.4",
				"neo-async": "^2.6.2"
			},
			"dependencies": {
				"klona": {
					"version": "2.0.4",
					"resolved": "https://registry.npmjs.org/klona/-/klona-2.0.4.tgz",
					"integrity": "sha512-ZRbnvdg/NxqzC7L9Uyqzf4psi1OM4Cuc+sJAkQPjO6XkQIJTNbfK2Rsmbw8fx1p2mkZdp2FZYo2+LwXYY/uwIA==",
					"dev": true
				},
				"neo-async": {
					"version": "2.6.2",
					"resolved": "https://registry.npmjs.org/neo-async/-/neo-async-2.6.2.tgz",
					"integrity": "sha512-Yd3UES5mWCSqR+qNT93S3UoYUkqAZ9lLg8a7g9rimsWmYGK8cVToA4/sF3RrshdyV3sAGMXVUmpMYOw+dLpOuw==",
					"dev": true
				}
			}
		},
		"stylus-loader": {
			"version": "3.0.2",
			"resolved": "https://registry.npmjs.org/stylus-loader/-/stylus-loader-3.0.2.tgz",
			"integrity": "sha512-+VomPdZ6a0razP+zinir61yZgpw2NfljeSsdUF5kJuEzlo3khXhY19Fn6l8QQz1GRJGtMCo8nG5C04ePyV7SUA==",
			"dev": true,
			"requires": {
				"loader-utils": "^1.0.2",
				"lodash.clonedeep": "^4.5.0",
				"when": "~3.6.x"
			},
			"dependencies": {
				"big.js": {
					"version": "5.2.2",
					"resolved": "https://registry.npmjs.org/big.js/-/big.js-5.2.2.tgz",
					"integrity": "sha512-vyL2OymJxmarO8gxMr0mhChsO9QGwhynfuu4+MHTAW6czfq9humCB7rKpUjDd9YUiDPU4mzpyupFSvOClAwbmQ==",
					"dev": true
				},
				"emojis-list": {
					"version": "3.0.0",
					"resolved": "https://registry.npmjs.org/emojis-list/-/emojis-list-3.0.0.tgz",
					"integrity": "sha512-/kyM18EfinwXZbno9FyUGeFh87KC8HRQBQGildHZbEuRyWFOmv1U10o9BBp8XVZDVNNuQKyIGIu5ZYAAXJ0V2Q==",
					"dev": true
				},
				"json5": {
					"version": "1.0.1",
					"resolved": "https://registry.npmjs.org/json5/-/json5-1.0.1.tgz",
					"integrity": "sha512-aKS4WQjPenRxiQsC93MNfjx+nbF4PAdYzmd/1JIj8HYzqfbu86beTuNgXDzPknWk0n0uARlyewZo4s++ES36Ow==",
					"dev": true,
					"requires": {
						"minimist": "^1.2.0"
					}
				},
				"loader-utils": {
					"version": "1.4.0",
					"resolved": "https://registry.npmjs.org/loader-utils/-/loader-utils-1.4.0.tgz",
					"integrity": "sha512-qH0WSMBtn/oHuwjy/NucEgbx5dbxxnxup9s4PVXJUDHZBQY+s0NWA9rJf53RBnQZxfch7euUui7hpoAPvALZdA==",
					"dev": true,
					"requires": {
						"big.js": "^5.2.2",
						"emojis-list": "^3.0.0",
						"json5": "^1.0.1"
					}
				},
				"lodash.clonedeep": {
					"version": "4.5.0",
					"resolved": "https://registry.npmjs.org/lodash.clonedeep/-/lodash.clonedeep-4.5.0.tgz",
					"integrity": "sha1-4j8/nE+Pvd6HJSnBBxhXoIblzO8=",
					"dev": true
				},
				"minimist": {
					"version": "1.2.5",
					"resolved": "https://registry.npmjs.org/minimist/-/minimist-1.2.5.tgz",
					"integrity": "sha512-FM9nNUYrRBAELZQT3xeZQ7fmMOBg6nWNmJKTcgsJeaLstP/UODVpGsr5OhXhhXg6f+qtJ8uiZ+PUxkDWcgIXLw==",
					"dev": true
				},
				"when": {
					"version": "3.6.4",
					"resolved": "https://registry.npmjs.org/when/-/when-3.6.4.tgz",
					"integrity": "sha1-RztRfsFZ4rhQBUl6E5g/CVQS404=",
					"dev": true
				}
			}
		},
		"vue": {
			"version": "3.0.7",
			"resolved": "https://registry.npmjs.org/vue/-/vue-3.0.7.tgz",
			"integrity": "sha512-8h4TikD+JabbMK9aRlBO4laG0AtNHRPHynxYgWZ9sq1YUPfzynd9Jeeb27XNyZytC7aCQRX9xe1+TQJuc181Tw==",
			"requires": {
				"@vue/compiler-dom": "3.0.7",
				"@vue/runtime-dom": "3.0.7",
				"@vue/shared": "3.0.7"
			},
			"dependencies": {
				"@babel/parser": {
					"version": "7.13.10",
					"resolved": "https://registry.npmjs.org/@babel/parser/-/parser-7.13.10.tgz",
					"integrity": "sha512-0s7Mlrw9uTWkYua7xWr99Wpk2bnGa0ANleKfksYAES8LpWH4gW1OUr42vqKNf0us5UQNfru2wPqMqRITzq/SIQ=="
				},
				"@vue/compiler-core": {
					"version": "3.0.7",
					"resolved": "https://registry.npmjs.org/@vue/compiler-core/-/compiler-core-3.0.7.tgz",
					"integrity": "sha512-JFohgBXoyUc3mdeI2WxlhjQZ5fakfemJkZHX8Gu/nFbEg3+lKVUZmNKWmmnp9aOzJQZKoj77LjmFxiP+P+7lMQ==",
					"requires": {
						"@babel/parser": "^7.12.0",
						"@babel/types": "^7.12.0",
						"@vue/shared": "3.0.7",
						"estree-walker": "^2.0.1",
						"source-map": "^0.6.1"
					}
				},
				"@vue/compiler-dom": {
					"version": "3.0.7",
					"resolved": "https://registry.npmjs.org/@vue/compiler-dom/-/compiler-dom-3.0.7.tgz",
					"integrity": "sha512-VnIH9EbWQm/Tkcp+8dCaNVsVvhm/vxCrIKWRkXY9215hTqOqQOvejT8IMjd2kc++nIsYMsdQk6H9qqBvoLe/Cw==",
					"requires": {
						"@vue/compiler-core": "3.0.7",
						"@vue/shared": "3.0.7"
					}
				},
				"@vue/reactivity": {
					"version": "3.0.7",
					"resolved": "https://registry.npmjs.org/@vue/reactivity/-/reactivity-3.0.7.tgz",
					"integrity": "sha512-FotWcNNaKhqpFZrdgsUOZ1enlJ5lhTt01CNTtLSyK7jYFgZBTuw8vKsEutZKDYZ1XKotOfoeO8N3pZQqmM6Etw==",
					"requires": {
						"@vue/shared": "3.0.7"
					}
				},
				"@vue/runtime-core": {
					"version": "3.0.7",
					"resolved": "https://registry.npmjs.org/@vue/runtime-core/-/runtime-core-3.0.7.tgz",
					"integrity": "sha512-DBAZAwVvdmMXuyd6/9qqj/kYr/GaLTmn1L2/QLxLwP+UfhIboiTSBc/tUUb8MRk7Bb98GzNeAWkkT6AfooS3dQ==",
					"requires": {
						"@vue/reactivity": "3.0.7",
						"@vue/shared": "3.0.7"
					}
				},
				"@vue/runtime-dom": {
					"version": "3.0.7",
					"resolved": "https://registry.npmjs.org/@vue/runtime-dom/-/runtime-dom-3.0.7.tgz",
					"integrity": "sha512-Oij4ruOtnpQpCj+/Q3JPzgpTJ1Q7+N67pA53A8KVITEtxfvKL46NN6dhAZ5NGqwX6RWZpYqWQNewITeF0pHr8g==",
					"requires": {
						"@vue/runtime-core": "3.0.7",
						"@vue/shared": "3.0.7",
						"csstype": "^2.6.8"
					}
				},
				"@vue/shared": {
					"version": "3.0.7",
					"resolved": "https://registry.npmjs.org/@vue/shared/-/shared-3.0.7.tgz",
					"integrity": "sha512-dn5FyfSc4ky424jH4FntiHno7Ss5yLkqKNmM/NXwANRnlkmqu74pnGetexDFVG5phMk9/FhwovUZCWGxsotVKg=="
				},
				"csstype": {
					"version": "2.6.16",
					"resolved": "https://registry.npmjs.org/csstype/-/csstype-2.6.16.tgz",
					"integrity": "sha512-61FBWoDHp/gRtsoDkq/B1nWrCUG/ok1E3tUrcNbZjsE9Cxd9yzUirjS3+nAATB8U4cTtaQmAHbNndoFz5L6C9Q=="
				},
				"estree-walker": {
					"version": "2.0.2",
					"resolved": "https://registry.npmjs.org/estree-walker/-/estree-walker-2.0.2.tgz",
					"integrity": "sha512-Rfkk/Mp/DL7JVje3u18FxFujQlTNR2q6QfMSMB7AvCBx91NGj/ba3kCfza0f6dVDbw7YlRf/nDrn7pQrCCyQ/w=="
				},
				"source-map": {
					"version": "0.6.1",
					"resolved": "https://registry.npmjs.org/source-map/-/source-map-0.6.1.tgz",
					"integrity": "sha512-UjgapumWlbMhkBgzT7Ykc5YXUT46F0iKu8SGXq0bcwP5dz/h0Plj6enJqjz1Zbq2l5WaqYnrVbwWOWMyF3F47g=="
				}
			}
		},
		"vue-eslint-parser": {
			"version": "7.6.0",
			"resolved": "https://registry.npmjs.org/vue-eslint-parser/-/vue-eslint-parser-7.6.0.tgz",
			"integrity": "sha512-QXxqH8ZevBrtiZMZK0LpwaMfevQi9UL7lY6Kcp+ogWHC88AuwUPwwCIzkOUc1LR4XsYAt/F9yHXAB/QoD17QXA==",
			"dev": true,
			"requires": {
				"debug": "^4.1.1",
				"eslint-scope": "^5.0.0",
				"eslint-visitor-keys": "^1.1.0",
				"espree": "^6.2.1",
				"esquery": "^1.4.0",
				"lodash": "^4.17.15"
			},
			"dependencies": {
				"acorn": {
					"version": "7.4.1",
					"resolved": "https://registry.npmjs.org/acorn/-/acorn-7.4.1.tgz",
					"integrity": "sha512-nQyp0o1/mNdbTO1PO6kHkwSrmgZ0MT/jCCpNiwbUjGoRN4dlBhqJtoQuCnEOKzgTVwg0ZWiCoQy6SxMebQVh8A==",
					"dev": true
				},
				"acorn-jsx": {
					"version": "5.3.1",
					"resolved": "https://registry.npmjs.org/acorn-jsx/-/acorn-jsx-5.3.1.tgz",
					"integrity": "sha512-K0Ptm/47OKfQRpNQ2J/oIN/3QYiK6FwW+eJbILhsdxh2WTLdl+30o8aGdTbm5JbffpFFAg/g+zi1E+jvJha5ng==",
					"dev": true
				},
				"debug": {
					"version": "4.3.1",
					"resolved": "https://registry.npmjs.org/debug/-/debug-4.3.1.tgz",
					"integrity": "sha512-doEwdvm4PCeK4K3RQN2ZC2BYUBaxwLARCqZmMjtF8a51J2Rb0xpVloFRnCODwqjpwnAoao4pelN8l3RJdv3gRQ==",
					"dev": true,
					"requires": {
						"ms": "2.1.2"
					}
				},
				"espree": {
					"version": "6.2.1",
					"resolved": "https://registry.npmjs.org/espree/-/espree-6.2.1.tgz",
					"integrity": "sha512-ysCxRQY3WaXJz9tdbWOwuWr5Y/XrPTGX9Kiz3yoUXwW0VZ4w30HTkQLaGx/+ttFjF8i+ACbArnB4ce68a9m5hw==",
					"dev": true,
					"requires": {
						"acorn": "^7.1.1",
						"acorn-jsx": "^5.2.0",
						"eslint-visitor-keys": "^1.1.0"
					}
				},
				"esquery": {
					"version": "1.4.0",
					"resolved": "https://registry.npmjs.org/esquery/-/esquery-1.4.0.tgz",
					"integrity": "sha512-cCDispWt5vHHtwMY2YrAQ4ibFkAL8RbH5YGBnZBc90MolvvfkkQcJro/aZiAQUlQ3qgrYS6D6v8Gc5G5CQsc9w==",
					"dev": true,
					"requires": {
						"estraverse": "^5.1.0"
					}
				},
				"estraverse": {
					"version": "5.2.0",
					"resolved": "https://registry.npmjs.org/estraverse/-/estraverse-5.2.0.tgz",
					"integrity": "sha512-BxbNGGNm0RyRYvUdHpIwv9IWzeM9XClbOxwoATuFdOE7ZE6wHL+HQ5T8hoPM+zHvmKzzsEqhgy0GrQ5X13afiQ==",
					"dev": true
				},
				"lodash": {
					"version": "4.17.21",
					"resolved": "https://registry.npmjs.org/lodash/-/lodash-4.17.21.tgz",
					"integrity": "sha512-v2kDEe57lecTulaDIuNTPy3Ry4gLGJ6Z1O3vE1krgXZNrsQ+LFTGHVxVjcXPs17LhbZVGedAJv8XZ1tvj5FvSg==",
					"dev": true
				},
				"ms": {
					"version": "2.1.2",
					"resolved": "https://registry.npmjs.org/ms/-/ms-2.1.2.tgz",
					"integrity": "sha512-sGkPx+VjMtmA6MX27oA4FBFELFCZZ4S4XqeGOXCv68tT+jb3vk/RyaKWP0PTKyWtmLSM0b+adUTEvbs1PEaH2w==",
					"dev": true
				}
			}
		},
		"vue-router": {
			"version": "4.0.5",
			"resolved": "https://registry.npmjs.org/vue-router/-/vue-router-4.0.5.tgz",
			"integrity": "sha512-AQq+pllb6FCc7rS6vh4PPcce3XA1jgK3hKNkQ4hXHwoVN7jOeAOMKCnX7XAX3etV9rmN7iNW8iIwgPk95ckBjw=="
		},
		"vuex": {
			"version": "4.0.0",
			"resolved": "https://registry.npmjs.org/vuex/-/vuex-4.0.0.tgz",
			"integrity": "sha512-56VPujlHscP5q/e7Jlpqc40sja4vOhC4uJD1llBCWolVI8ND4+VzisDVkUMl+z5y0MpIImW6HjhNc+ZvuizgOw=="
		}
	}
}
